
Microsoft Visual Studio Solution File, Format Version 12.00
# Visual Studio Version 16
VisualStudioVersion = 16.0.30406.217
MinimumVisualStudioVersion = 10.0.40219.1
Project("{9A19103F-16F7-4668-BE54-9A1E7A4F7556}") = "Dop_Task_1", "Dop_Task_1\Dop_Task_1.csproj", "{56C11B73-68FB-4E13-AF57-B00A4FC590D1}"
EndProject
Project("{2150E333-8FDC-42A3-9474-1A3956D46DE8}") = "Solution Items", "Solution Items", "{A6BDEEEE-5D23-45F4-80AE-33EE5AC967BB}"
	ProjectSection(SolutionItems) = preProject
		README.txt = README.txt
	EndProjectSection
EndProject
Global
	GlobalSection(SolutionConfigurationPlatforms) = preSolution
		Debug|Any CPU = Debug|Any CPU
		Release|Any CPU = Release|Any CPU
	EndGlobalSection
	GlobalSection(ProjectConfigurationPlatforms) = postSolution
		{56C11B73-68FB-4E13-AF57-B00A4FC590D1}.Debug|Any CPU.ActiveCfg = Debug|Any CPU
		{56C11B73-68FB-4E13-AF57-B00A4FC590D1}.Debug|Any CPU.Build.0 = Debug|Any CPU
		{56C11B73-68FB-4E13-AF57-B00A4FC590D1}.Release|Any CPU.ActiveCfg = Release|Any CPU
		{56C11B73-68FB-4E13-AF57-B00A4FC590D1}.Release|Any CPU.Build.0 = Release|Any CPU
	EndGlobalSection
	GlobalSection(SolutionProperties) = preSolution
		HideSolutionNode = FALSE
	EndGlobalSection
	GlobalSection(ExtensibilityGlobals) = postSolution
		SolutionGuid = {1741D6E0-728C-43C9-85B6-3DAEF907103D}
	EndGlobalSection
EndGlobal
