
Microsoft Visual Studio Solution File, Format Version 12.00
# Visual Studio Version 16
VisualStudioVersion = 16.0.30406.217
MinimumVisualStudioVersion = 10.0.40219.1
Project("{FAE04EC0-301F-11D3-BF4B-00C04F79EFBC}") = "DopTask", "DopTask\DopTask.csproj", "{C1A0A2B8-E4D6-486C-9E37-B5999C5EC1BB}"
EndProject
Global
	GlobalSection(SolutionConfigurationPlatforms) = preSolution
		Debug|Any CPU = Debug|Any CPU
		Release|Any CPU = Release|Any CPU
	EndGlobalSection
	GlobalSection(ProjectConfigurationPlatforms) = postSolution
		{C1A0A2B8-E4D6-486C-9E37-B5999C5EC1BB}.Debug|Any CPU.ActiveCfg = Debug|Any CPU
		{C1A0A2B8-E4D6-486C-9E37-B5999C5EC1BB}.Debug|Any CPU.Build.0 = Debug|Any CPU
		{C1A0A2B8-E4D6-486C-9E37-B5999C5EC1BB}.Release|Any CPU.ActiveCfg = Release|Any CPU
		{C1A0A2B8-E4D6-486C-9E37-B5999C5EC1BB}.Release|Any CPU.Build.0 = Release|Any CPU
	EndGlobalSection
	GlobalSection(SolutionProperties) = preSolution
		HideSolutionNode = FALSE
	EndGlobalSection
	GlobalSection(ExtensibilityGlobals) = postSolution
		SolutionGuid = {BA4B6B99-519F-4AFE-BEA2-FCF293229599}
	EndGlobalSection
EndGlobal
