
Microsoft Visual Studio Solution File, Format Version 12.00
# Visual Studio Version 16
VisualStudioVersion = 16.0.30406.217
MinimumVisualStudioVersion = 10.0.40219.1
Project("{FAE04EC0-301F-11D3-BF4B-00C04F79EFBC}") = "Task_2", "Task_2\Task_2.csproj", "{6549F8C3-FB09-4ACB-A6EE-C75CE9847742}"
EndProject
Global
	GlobalSection(SolutionConfigurationPlatforms) = preSolution
		Debug|Any CPU = Debug|Any CPU
		Release|Any CPU = Release|Any CPU
	EndGlobalSection
	GlobalSection(ProjectConfigurationPlatforms) = postSolution
		{6549F8C3-FB09-4ACB-A6EE-C75CE9847742}.Debug|Any CPU.ActiveCfg = Debug|Any CPU
		{6549F8C3-FB09-4ACB-A6EE-C75CE9847742}.Debug|Any CPU.Build.0 = Debug|Any CPU
		{6549F8C3-FB09-4ACB-A6EE-C75CE9847742}.Release|Any CPU.ActiveCfg = Release|Any CPU
		{6549F8C3-FB09-4ACB-A6EE-C75CE9847742}.Release|Any CPU.Build.0 = Release|Any CPU
	EndGlobalSection
	GlobalSection(SolutionProperties) = preSolution
		HideSolutionNode = FALSE
	EndGlobalSection
	GlobalSection(ExtensibilityGlobals) = postSolution
		SolutionGuid = {AC2BEE94-92D6-4881-8296-6FB133E6CD82}
	EndGlobalSection
EndGlobal
